
Microsoft Visual Studio Solution File, Format Version 12.00
# Visual Studio 15
VisualStudioVersion = 15.0.28307.539
MinimumVisualStudioVersion = 10.0.40219.1
Project("{FAE04EC0-301F-11D3-BF4B-00C04F79EFBC}") = "RH RTC Grab", "RH RTC Grab\RH RTC Grab.csproj", "{396BBCD7-EC33-4295-B81F-CE0248A5CF16}"
EndProject
Global
	GlobalSection(SolutionConfigurationPlatforms) = preSolution
		Debug|Any CPU = Debug|Any CPU
		Release|Any CPU = Release|Any CPU
	EndGlobalSection
	GlobalSection(ProjectConfigurationPlatforms) = postSolution
		{396BBCD7-EC33-4295-B81F-CE0248A5CF16}.Debug|Any CPU.ActiveCfg = Debug|Any CPU
		{396BBCD7-EC33-4295-B81F-CE0248A5CF16}.Debug|Any CPU.Build.0 = Debug|Any CPU
		{396BBCD7-EC33-4295-B81F-CE0248A5CF16}.Release|Any CPU.ActiveCfg = Release|Any CPU
		{396BBCD7-EC33-4295-B81F-CE0248A5CF16}.Release|Any CPU.Build.0 = Release|Any CPU
	EndGlobalSection
	GlobalSection(SolutionProperties) = preSolution
		HideSolutionNode = FALSE
	EndGlobalSection
	GlobalSection(ExtensibilityGlobals) = postSolution
		SolutionGuid = {E8847933-EDC4-4308-911D-7ED32F2D22E7}
	EndGlobalSection
EndGlobal
